// !$*UTF8*$!
{
	archiveVersion = 1;
	classes = {
	};
	objectVersion = 46;
	objects = {

/* Begin PBXBuildFile section */
		920850251429A14100502D63 /* Cocoa.framework in Frameworks */ = {isa = PBXBuildFile; fileRef = 920850241429A14100502D63 /* Cocoa.framework */; };
		9208502F1429A14100502D63 /* InfoPlist.strings in Resources */ = {isa = PBXBuildFile; fileRef = 9208502D1429A14100502D63 /* InfoPlist.strings */; };
		920850311429A14100502D63 /* main.m in Sources */ = {isa = PBXBuildFile; fileRef = 920850301429A14100502D63 /* main.m */; };
		920850351429A14100502D63 /* Credits.rtf in Resources */ = {isa = PBXBuildFile; fileRef = 920850331429A14100502D63 /* Credits.rtf */; };
		920850381429A14100502D63 /* UMAppDelegate.m in Sources */ = {isa = PBXBuildFile; fileRef = 920850371429A14100502D63 /* UMAppDelegate.m */; };
		9208503B1429A14100502D63 /* MainMenu.xib in Resources */ = {isa = PBXBuildFile; fileRef = 920850391429A14100502D63 /* MainMenu.xib */; };
		920850461429A34F00502D63 /* BigPond.icns in Resources */ = {isa = PBXBuildFile; fileRef = 920850451429A34F00502D63 /* BigPond.icns */; };
		920850491429A5A100502D63 /* UMUsageInfo.m in Sources */ = {isa = PBXBuildFile; fileRef = 920850481429A5A100502D63 /* UMUsageInfo.m */; };
		920850521429C0D500502D63 /* libxml2.dylib in Frameworks */ = {isa = PBXBuildFile; fileRef = 920850511429C0D400502D63 /* libxml2.dylib */; };
		924387261429D9A10001E586 /* BigpondUsageData.c in Sources */ = {isa = PBXBuildFile; fileRef = 924387251429D9A10001E586 /* BigpondUsageData.c */; };
		924591B0146D208F00CCA4B0 /* ServiceManagement.framework in Frameworks */ = {isa = PBXBuildFile; fileRef = 924591AF146D208F00CCA4B0 /* ServiceManagement.framework */; };
		927F93DD14BD2A59003D4DD2 /* AppLoginItem.m in Sources */ = {isa = PBXBuildFile; fileRef = 927F93DC14BD2A59003D4DD2 /* AppLoginItem.m */; };
		92CD6F6014355B9E00C6AF25 /* Security.framework in Frameworks */ = {isa = PBXBuildFile; fileRef = 92CD6F5F14355B9E00C6AF25 /* Security.framework */; };
		92CD6F6714355C1700C6AF25 /* UMKeychain.m in Sources */ = {isa = PBXBuildFile; fileRef = 92CD6F6614355C1700C6AF25 /* UMKeychain.m */; };
		92CD6F7214356E4500C6AF25 /* bp.png in Resources */ = {isa = PBXBuildFile; fileRef = 92CD6F6F14356E4500C6AF25 /* bp.png */; };
		92CD6F7314356E4500C6AF25 /* fade.png in Resources */ = {isa = PBXBuildFile; fileRef = 92CD6F7014356E4500C6AF25 /* fade.png */; };
		92CD6F7414356E4500C6AF25 /* fail.png in Resources */ = {isa = PBXBuildFile; fileRef = 92CD6F7114356E4500C6AF25 /* fail.png */; };
		92CD6F78143570E100C6AF25 /* dsa_pub.pem in Resources */ = {isa = PBXBuildFile; fileRef = 92CD6F77143570E000C6AF25 /* dsa_pub.pem */; };
		92EBBC3E146DE9DE00D3D9AD /* UsageMeterHelper.app in CopyFiles */ = {isa = PBXBuildFile; fileRef = 92EBBC3D146DE9DA00D3D9AD /* UsageMeterHelper.app */; };
/* End PBXBuildFile section */

/* Begin PBXCopyFilesBuildPhase section */
		92965687146D3196009D02E4 /* CopyFiles */ = {
			isa = PBXCopyFilesBuildPhase;
			buildActionMask = 2147483647;
			dstPath = Contents/Library/LoginItems;
			dstSubfolderSpec = 1;
			files = (
				92EBBC3E146DE9DE00D3D9AD /* UsageMeterHelper.app in CopyFiles */,
			);
			runOnlyForDeploymentPostprocessing = 0;
		};
/* End PBXCopyFilesBuildPhase section */

/* Begin PBXFileReference section */
		920850201429A14100502D63 /* UsageMeter.app */ = {isa = PBXFileReference; explicitFileType = wrapper.application; includeInIndex = 0; path = UsageMeter.app; sourceTree = BUILT_PRODUCTS_DIR; };
		920850241429A14100502D63 /* Cocoa.framework */ = {isa = PBXFileReference; lastKnownFileType = wrapper.framework; name = Cocoa.framework; path = System/Library/Frameworks/Cocoa.framework; sourceTree = SDKROOT; };
		920850271429A14100502D63 /* AppKit.framework */ = {isa = PBXFileReference; lastKnownFileType = wrapper.framework; name = AppKit.framework; path = System/Library/Frameworks/AppKit.framework; sourceTree = SDKROOT; };
		920850281429A14100502D63 /* CoreData.framework */ = {isa = PBXFileReference; lastKnownFileType = wrapper.framework; name = CoreData.framework; path = System/Library/Frameworks/CoreData.framework; sourceTree = SDKROOT; };
		920850291429A14100502D63 /* Foundation.framework */ = {isa = PBXFileReference; lastKnownFileType = wrapper.framework; name = Foundation.framework; path = System/Library/Frameworks/Foundation.framework; sourceTree = SDKROOT; };
		9208502C1429A14100502D63 /* UsageMeter-Info.plist */ = {isa = PBXFileReference; lastKnownFileType = text.plist.xml; path = "UsageMeter-Info.plist"; sourceTree = "<group>"; };
		9208502E1429A14100502D63 /* en */ = {isa = PBXFileReference; lastKnownFileType = text.plist.strings; name = en; path = en.lproj/InfoPlist.strings; sourceTree = "<group>"; };
		920850301429A14100502D63 /* main.m */ = {isa = PBXFileReference; lastKnownFileType = sourcecode.c.objc; path = main.m; sourceTree = "<group>"; };
		920850321429A14100502D63 /* UsageMeter-Prefix.pch */ = {isa = PBXFileReference; lastKnownFileType = sourcecode.c.h; path = "UsageMeter-Prefix.pch"; sourceTree = "<group>"; };
		920850341429A14100502D63 /* en */ = {isa = PBXFileReference; lastKnownFileType = text.rtf; name = en; path = en.lproj/Credits.rtf; sourceTree = "<group>"; };
		920850361429A14100502D63 /* UMAppDelegate.h */ = {isa = PBXFileReference; lastKnownFileType = sourcecode.c.h; path = UMAppDelegate.h; sourceTree = "<group>"; };
		920850371429A14100502D63 /* UMAppDelegate.m */ = {isa = PBXFileReference; lastKnownFileType = sourcecode.c.objc; path = UMAppDelegate.m; sourceTree = "<group>"; };
		9208503A1429A14100502D63 /* en */ = {isa = PBXFileReference; lastKnownFileType = file.xib; name = en; path = en.lproj/MainMenu.xib; sourceTree = "<group>"; };
		920850451429A34F00502D63 /* BigPond.icns */ = {isa = PBXFileReference; lastKnownFileType = image.icns; path = BigPond.icns; sourceTree = "<group>"; };
		920850471429A5A100502D63 /* UMUsageInfo.h */ = {isa = PBXFileReference; fileEncoding = 4; lastKnownFileType = sourcecode.c.h; path = UMUsageInfo.h; sourceTree = "<group>"; };
		920850481429A5A100502D63 /* UMUsageInfo.m */ = {isa = PBXFileReference; fileEncoding = 4; lastKnownFileType = sourcecode.c.objc; path = UMUsageInfo.m; sourceTree = "<group>"; };
		920850511429C0D400502D63 /* libxml2.dylib */ = {isa = PBXFileReference; lastKnownFileType = "compiled.mach-o.dylib"; name = libxml2.dylib; path = usr/lib/libxml2.dylib; sourceTree = SDKROOT; };
		924387251429D9A10001E586 /* BigpondUsageData.c */ = {isa = PBXFileReference; fileEncoding = 4; lastKnownFileType = sourcecode.c.c; path = BigpondUsageData.c; sourceTree = "<group>"; };
		924387271429D9AE0001E586 /* BigpondUsageData.h */ = {isa = PBXFileReference; fileEncoding = 4; lastKnownFileType = sourcecode.c.h; path = BigpondUsageData.h; sourceTree = "<group>"; };
		924591AC146D135000CCA4B0 /* UsageMeter.entitlements */ = {isa = PBXFileReference; lastKnownFileType = text.xml; path = UsageMeter.entitlements; sourceTree = "<group>"; };
		924591AD146D19FD00CCA4B0 /* BigPond.icns */ = {isa = PBXFileReference; lastKnownFileType = image.icns; path = BigPond.icns; sourceTree = "<group>"; };
		924591AF146D208F00CCA4B0 /* ServiceManagement.framework */ = {isa = PBXFileReference; lastKnownFileType = wrapper.framework; name = ServiceManagement.framework; path = System/Library/Frameworks/ServiceManagement.framework; sourceTree = SDKROOT; };
		927F93DB14BD2A59003D4DD2 /* AppLoginItem.h */ = {isa = PBXFileReference; fileEncoding = 4; lastKnownFileType = sourcecode.c.h; path = AppLoginItem.h; sourceTree = "<group>"; };
		927F93DC14BD2A59003D4DD2 /* AppLoginItem.m */ = {isa = PBXFileReference; fileEncoding = 4; lastKnownFileType = sourcecode.c.objc; path = AppLoginItem.m; sourceTree = "<group>"; };
		92CD6F5F14355B9E00C6AF25 /* Security.framework */ = {isa = PBXFileReference; lastKnownFileType = wrapper.framework; name = Security.framework; path = System/Library/Frameworks/Security.framework; sourceTree = SDKROOT; };
		92CD6F6514355C1700C6AF25 /* UMKeychain.h */ = {isa = PBXFileReference; fileEncoding = 4; lastKnownFileType = sourcecode.c.h; path = UMKeychain.h; sourceTree = "<group>"; };
		92CD6F6614355C1700C6AF25 /* UMKeychain.m */ = {isa = PBXFileReference; fileEncoding = 4; lastKnownFileType = sourcecode.c.objc; path = UMKeychain.m; sourceTree = "<group>"; };
		92CD6F6F14356E4500C6AF25 /* bp.png */ = {isa = PBXFileReference; lastKnownFileType = image.png; path = bp.png; sourceTree = "<group>"; };
		92CD6F7014356E4500C6AF25 /* fade.png */ = {isa = PBXFileReference; lastKnownFileType = image.png; path = fade.png; sourceTree = "<group>"; };
		92CD6F7114356E4500C6AF25 /* fail.png */ = {isa = PBXFileReference; lastKnownFileType = image.png; path = fail.png; sourceTree = "<group>"; };
		92CD6F77143570E000C6AF25 /* dsa_pub.pem */ = {isa = PBXFileReference; fileEncoding = 4; lastKnownFileType = text; path = dsa_pub.pem; sourceTree = "<group>"; };
		92EBBC3D146DE9DA00D3D9AD /* UsageMeterHelper.app */ = {isa = PBXFileReference; lastKnownFileType = wrapper.application; path = UsageMeterHelper.app; sourceTree = "<group>"; };
/* End PBXFileReference section */

/* Begin PBXFrameworksBuildPhase section */
		9208501D1429A14100502D63 /* Frameworks */ = {
			isa = PBXFrameworksBuildPhase;
			buildActionMask = 2147483647;
			files = (
				924591B0146D208F00CCA4B0 /* ServiceManagement.framework in Frameworks */,
				92CD6F6014355B9E00C6AF25 /* Security.framework in Frameworks */,
				920850521429C0D500502D63 /* libxml2.dylib in Frameworks */,
				920850251429A14100502D63 /* Cocoa.framework in Frameworks */,
			);
			runOnlyForDeploymentPostprocessing = 0;
		};
/* End PBXFrameworksBuildPhase section */

/* Begin PBXGroup section */
		920850151429A14100502D63 = {
			isa = PBXGroup;
			children = (
				924591AD146D19FD00CCA4B0 /* BigPond.icns */,
				9208502A1429A14100502D63 /* UsageMeter */,
				920850231429A14100502D63 /* Frameworks */,
				920850211429A14100502D63 /* Products */,
			);
			sourceTree = "<group>";
		};
		920850211429A14100502D63 /* Products */ = {
			isa = PBXGroup;
			children = (
				920850201429A14100502D63 /* UsageMeter.app */,
			);
			name = Products;
			sourceTree = "<group>";
		};
		920850231429A14100502D63 /* Frameworks */ = {
			isa = PBXGroup;
			children = (
				920850511429C0D400502D63 /* libxml2.dylib */,
				92CD6F5F14355B9E00C6AF25 /* Security.framework */,
				920850241429A14100502D63 /* Cocoa.framework */,
				920850261429A14100502D63 /* Other Frameworks */,
			);
			name = Frameworks;
			sourceTree = "<group>";
		};
		920850261429A14100502D63 /* Other Frameworks */ = {
			isa = PBXGroup;
			children = (
				924591AF146D208F00CCA4B0 /* ServiceManagement.framework */,
				920850271429A14100502D63 /* AppKit.framework */,
				920850281429A14100502D63 /* CoreData.framework */,
				920850291429A14100502D63 /* Foundation.framework */,
			);
			name = "Other Frameworks";
			sourceTree = "<group>";
		};
		9208502A1429A14100502D63 /* UsageMeter */ = {
			isa = PBXGroup;
			children = (
				92EBBC3D146DE9DA00D3D9AD /* UsageMeterHelper.app */,
				924591AC146D135000CCA4B0 /* UsageMeter.entitlements */,
				92CD6F7514356E4800C6AF25 /* Resources */,
				92CD6F6214355BC300C6AF25 /* Shared */,
				92438738142A2BC60001E586 /* BigpondUsageData */,
				920850451429A34F00502D63 /* BigPond.icns */,
				920850361429A14100502D63 /* UMAppDelegate.h */,
				920850371429A14100502D63 /* UMAppDelegate.m */,
				920850391429A14100502D63 /* MainMenu.xib */,
				9208502B1429A14100502D63 /* Supporting Files */,
				927F93DB14BD2A59003D4DD2 /* AppLoginItem.h */,
				927F93DC14BD2A59003D4DD2 /* AppLoginItem.m */,
			);
			path = UsageMeter;
			sourceTree = "<group>";
		};
		9208502B1429A14100502D63 /* Supporting Files */ = {
			isa = PBXGroup;
			children = (
				9208502C1429A14100502D63 /* UsageMeter-Info.plist */,
				9208502D1429A14100502D63 /* InfoPlist.strings */,
				920850301429A14100502D63 /* main.m */,
				920850321429A14100502D63 /* UsageMeter-Prefix.pch */,
				920850331429A14100502D63 /* Credits.rtf */,
			);
			name = "Supporting Files";
			sourceTree = "<group>";
		};
		92438738142A2BC60001E586 /* BigpondUsageData */ = {
			isa = PBXGroup;
			children = (
				924387251429D9A10001E586 /* BigpondUsageData.c */,
				924387271429D9AE0001E586 /* BigpondUsageData.h */,
			);
			name = BigpondUsageData;
			sourceTree = "<group>";
		};
		92CD6F6214355BC300C6AF25 /* Shared */ = {
			isa = PBXGroup;
			children = (
				920850471429A5A100502D63 /* UMUsageInfo.h */,
				920850481429A5A100502D63 /* UMUsageInfo.m */,
				92CD6F6514355C1700C6AF25 /* UMKeychain.h */,
				92CD6F6614355C1700C6AF25 /* UMKeychain.m */,
			);
			name = Shared;
			sourceTree = "<group>";
		};
		92CD6F7514356E4800C6AF25 /* Resources */ = {
			isa = PBXGroup;
			children = (
				92CD6F77143570E000C6AF25 /* dsa_pub.pem */,
				92CD6F7614356E4D00C6AF25 /* Images */,
			);
			name = Resources;
			sourceTree = "<group>";
		};
		92CD6F7614356E4D00C6AF25 /* Images */ = {
			isa = PBXGroup;
			children = (
				92CD6F6F14356E4500C6AF25 /* bp.png */,
				92CD6F7014356E4500C6AF25 /* fade.png */,
				92CD6F7114356E4500C6AF25 /* fail.png */,
			);
			name = Images;
			sourceTree = "<group>";
		};
/* End PBXGroup section */

/* Begin PBXNativeTarget section */
		9208501F1429A14100502D63 /* UsageMeter */ = {
			isa = PBXNativeTarget;
			buildConfigurationList = 9208503E1429A14100502D63 /* Build configuration list for PBXNativeTarget "UsageMeter" */;
			buildPhases = (
				92965687146D3196009D02E4 /* CopyFiles */,
				9208501C1429A14100502D63 /* Sources */,
				9208501D1429A14100502D63 /* Frameworks */,
				9208501E1429A14100502D63 /* Resources */,
			);
			buildRules = (
			);
			dependencies = (
			);
			name = UsageMeter;
			productName = UsageMeter;
			productReference = 920850201429A14100502D63 /* UsageMeter.app */;
			productType = "com.apple.product-type.application";
		};
/* End PBXNativeTarget section */

/* Begin PBXProject section */
		920850171429A14100502D63 /* Project object */ = {
			isa = PBXProject;
			attributes = {
				LastUpgradeCheck = 0420;
				ORGANIZATIONNAME = "Anthony Foster";
			};
			buildConfigurationList = 9208501A1429A14100502D63 /* Build configuration list for PBXProject "UsageMeter" */;
			compatibilityVersion = "Xcode 3.2";
			developmentRegion = English;
			hasScannedForEncodings = 0;
			knownRegions = (
				en,
			);
			mainGroup = 920850151429A14100502D63;
			productRefGroup = 920850211429A14100502D63 /* Products */;
			projectDirPath = "";
			projectRoot = "";
			targets = (
				9208501F1429A14100502D63 /* UsageMeter */,
			);
		};
/* End PBXProject section */

/* Begin PBXResourcesBuildPhase section */
		9208501E1429A14100502D63 /* Resources */ = {
			isa = PBXResourcesBuildPhase;
			buildActionMask = 2147483647;
			files = (
				9208502F1429A14100502D63 /* InfoPlist.strings in Resources */,
				920850351429A14100502D63 /* Credits.rtf in Resources */,
				9208503B1429A14100502D63 /* MainMenu.xib in Resources */,
				920850461429A34F00502D63 /* BigPond.icns in Resources */,
				92CD6F7214356E4500C6AF25 /* bp.png in Resources */,
				92CD6F7314356E4500C6AF25 /* fade.png in Resources */,
				92CD6F7414356E4500C6AF25 /* fail.png in Resources */,
				92CD6F78143570E100C6AF25 /* dsa_pub.pem in Resources */,
			);
			runOnlyForDeploymentPostprocessing = 0;
		};
/* End PBXResourcesBuildPhase section */

/* Begin PBXSourcesBuildPhase section */
		9208501C1429A14100502D63 /* Sources */ = {
			isa = PBXSourcesBuildPhase;
			buildActionMask = 2147483647;
			files = (
				920850311429A14100502D63 /* main.m in Sources */,
				920850381429A14100502D63 /* UMAppDelegate.m in Sources */,
				920850491429A5A100502D63 /* UMUsageInfo.m in Sources */,
				924387261429D9A10001E586 /* BigpondUsageData.c in Sources */,
				92CD6F6714355C1700C6AF25 /* UMKeychain.m in Sources */,
				927F93DD14BD2A59003D4DD2 /* AppLoginItem.m in Sources */,
			);
			runOnlyForDeploymentPostprocessing = 0;
		};
/* End PBXSourcesBuildPhase section */

/* Begin PBXVariantGroup section */
		9208502D1429A14100502D63 /* InfoPlist.strings */ = {
			isa = PBXVariantGroup;
			children = (
				9208502E1429A14100502D63 /* en */,
			);
			name = InfoPlist.strings;
			sourceTree = "<group>";
		};
		920850331429A14100502D63 /* Credits.rtf */ = {
			isa = PBXVariantGroup;
			children = (
				920850341429A14100502D63 /* en */,
			);
			name = Credits.rtf;
			sourceTree = "<group>";
		};
		920850391429A14100502D63 /* MainMenu.xib */ = {
			isa = PBXVariantGroup;
			children = (
				9208503A1429A14100502D63 /* en */,
			);
			name = MainMenu.xib;
			sourceTree = "<group>";
		};
/* End PBXVariantGroup section */

/* Begin XCBuildConfiguration section */
		9208503C1429A14100502D63 /* Debug */ = {
			isa = XCBuildConfiguration;
			buildSettings = {
				ALWAYS_SEARCH_USER_PATHS = NO;
				ARCHS = "$(ARCHS_STANDARD_64_BIT)";
				COPY_PHASE_STRIP = NO;
				GCC_C_LANGUAGE_STANDARD = gnu99;
				GCC_DYNAMIC_NO_PIC = NO;
				GCC_ENABLE_OBJC_EXCEPTIONS = YES;
				GCC_OPTIMIZATION_LEVEL = 0;
				GCC_PREPROCESSOR_DEFINITIONS = (
					"DEBUG=1",
					"$(inherited)",
				);
				GCC_SYMBOLS_PRIVATE_EXTERN = NO;
				GCC_VERSION = com.apple.compilers.llvm.clang.1_0;
				GCC_WARN_64_TO_32_BIT_CONVERSION = YES;
				GCC_WARN_ABOUT_MISSING_PROTOTYPES = YES;
				GCC_WARN_ABOUT_RETURN_TYPE = YES;
				GCC_WARN_UNUSED_VARIABLE = YES;
				MACOSX_DEPLOYMENT_TARGET = 10.7;
				ONLY_ACTIVE_ARCH = YES;
				SDKROOT = macosx;
			};
			name = Debug;
		};
		9208503D1429A14100502D63 /* Release */ = {
			isa = XCBuildConfiguration;
			buildSettings = {
				ALWAYS_SEARCH_USER_PATHS = NO;
				ARCHS = "$(ARCHS_STANDARD_64_BIT)";
				COPY_PHASE_STRIP = YES;
				DEBUG_INFORMATION_FORMAT = "dwarf-with-dsym";
				GCC_C_LANGUAGE_STANDARD = gnu99;
				GCC_ENABLE_OBJC_EXCEPTIONS = YES;
				GCC_VERSION = com.apple.compilers.llvm.clang.1_0;
				GCC_WARN_64_TO_32_BIT_CONVERSION = YES;
				GCC_WARN_ABOUT_MISSING_PROTOTYPES = YES;
				GCC_WARN_ABOUT_RETURN_TYPE = YES;
				GCC_WARN_UNUSED_VARIABLE = YES;
				MACOSX_DEPLOYMENT_TARGET = 10.7;
				SDKROOT = macosx;
			};
			name = Release;
		};
		9208503F1429A14100502D63 /* Debug */ = {
			isa = XCBuildConfiguration;
			buildSettings = {
				CODE_SIGN_ENTITLEMENTS = UsageMeter/UsageMeter.entitlements;
				CODE_SIGN_IDENTITY = "Mac Developer: Anthony Foster (FGRL3U7U3G)";
				GCC_PRECOMPILE_PREFIX_HEADER = YES;
				GCC_PREFIX_HEADER = "UsageMeter/UsageMeter-Prefix.pch";
				HEADER_SEARCH_PATHS = /usr/include/libxml2;
				INFOPLIST_FILE = "UsageMeter/UsageMeter-Info.plist";
				PRODUCT_NAME = "$(TARGET_NAME)";
				PROVISIONING_PROFILE = "76890844-5B13-4C0B-9EAD-097F232CBE5C";
				WRAPPER_EXTENSION = app;
			};
			name = Debug;
		};
		920850401429A14100502D63 /* Release */ = {
			isa = XCBuildConfiguration;
			buildSettings = {
				CODE_SIGN_ENTITLEMENTS = UsageMeter/UsageMeter.entitlements;
				CODE_SIGN_IDENTITY = "3rd Party Mac Developer Application: Anthony Foster";
				COPY_PHASE_STRIP = NO;
				GCC_PRECOMPILE_PREFIX_HEADER = YES;
				GCC_PREFIX_HEADER = "UsageMeter/UsageMeter-Prefix.pch";
				HEADER_SEARCH_PATHS = /usr/include/libxml2;
				INFOPLIST_FILE = "UsageMeter/UsageMeter-Info.plist";
				PRODUCT_NAME = "$(TARGET_NAME)";
				PROVISIONING_PROFILE = "42AA2F8D-8855-46C4-B93F-B5B36C962A74";
				WRAPPER_EXTENSION = app;
			};
			name = Release;
		};
/* End XCBuildConfiguration section */

/* Begin XCConfigurationList section */
		9208501A1429A14100502D63 /* Build configuration list for PBXProject "UsageMeter" */ = {
			isa = XCConfigurationList;
			buildConfigurations = (
				9208503C1429A14100502D63 /* Debug */,
				9208503D1429A14100502D63 /* Release */,
			);
			defaultConfigurationIsVisible = 0;
			defaultConfigurationName = Release;
		};
		9208503E1429A14100502D63 /* Build configuration list for PBXNativeTarget "UsageMeter" */ = {
			isa = XCConfigurationList;
			buildConfigurations = (
				9208503F1429A14100502D63 /* Debug */,
				920850401429A14100502D63 /* Release */,
			);
			defaultConfigurationIsVisible = 0;
			defaultConfigurationName = Release;
		};
/* End XCConfigurationList section */
	};
	rootObject = 920850171429A14100502D63 /* Project object */;
}
